
Microsoft Visual Studio Solution File, Format Version 12.00
# Visual Studio Version 16
VisualStudioVersion = 16.0.28803.452
MinimumVisualStudioVersion = 10.0.40219.1
Project("{FAE04EC0-301F-11D3-BF4B-00C04F79EFBC}") = "DemoAspNetCore", "DemoAspNetCore\DemoAspNetCore.csproj", "{BC94F81E-15D8-42E0-B0E9-54ACC57853C2}"
EndProject
Global
	GlobalSection(SolutionConfigurationPlatforms) = preSolution
		Debug|Any CPU = Debug|Any CPU
		Release|Any CPU = Release|Any CPU
	EndGlobalSection
	GlobalSection(ProjectConfigurationPlatforms) = postSolution
		{BC94F81E-15D8-42E0-B0E9-54ACC57853C2}.Debug|Any CPU.ActiveCfg = Debug|Any CPU
		{BC94F81E-15D8-42E0-B0E9-54ACC57853C2}.Debug|Any CPU.Build.0 = Debug|Any CPU
		{BC94F81E-15D8-42E0-B0E9-54ACC57853C2}.Release|Any CPU.ActiveCfg = Release|Any CPU
		{BC94F81E-15D8-42E0-B0E9-54ACC57853C2}.Release|Any CPU.Build.0 = Release|Any CPU
	EndGlobalSection
	GlobalSection(SolutionProperties) = preSolution
		HideSolutionNode = FALSE
	EndGlobalSection
	GlobalSection(ExtensibilityGlobals) = postSolution
		SolutionGuid = {55F6540B-3960-453E-9A92-4EB47BA0B2D3}
	EndGlobalSection
EndGlobal
